
Microsoft Visual Studio Solution File, Format Version 12.00
# Visual Studio Version 16
VisualStudioVersion = 16.0.31410.357
MinimumVisualStudioVersion = 10.0.40219.1
Project("{FAE04EC0-301F-11D3-BF4B-00C04F79EFBC}") = "MentalWellbeing", "MentalWellbeing\MentalWellbeing.csproj", "{546D3541-CE69-43CB-9B6A-A7611F8FCE79}"
EndProject
Global
	GlobalSection(SolutionConfigurationPlatforms) = preSolution
		Debug|Any CPU = Debug|Any CPU
		Release|Any CPU = Release|Any CPU
	EndGlobalSection
	GlobalSection(ProjectConfigurationPlatforms) = postSolution
		{546D3541-CE69-43CB-9B6A-A7611F8FCE79}.Debug|Any CPU.ActiveCfg = Debug|Any CPU
		{546D3541-CE69-43CB-9B6A-A7611F8FCE79}.Debug|Any CPU.Build.0 = Debug|Any CPU
		{546D3541-CE69-43CB-9B6A-A7611F8FCE79}.Release|Any CPU.ActiveCfg = Release|Any CPU
		{546D3541-CE69-43CB-9B6A-A7611F8FCE79}.Release|Any CPU.Build.0 = Release|Any CPU
	EndGlobalSection
	GlobalSection(SolutionProperties) = preSolution
		HideSolutionNode = FALSE
	EndGlobalSection
	GlobalSection(ExtensibilityGlobals) = postSolution
		SolutionGuid = {86C1B606-B6FC-4669-81CB-E56104933AED}
	EndGlobalSection
EndGlobal
